
Microsoft Visual Studio Solution File, Format Version 12.00
Project("{FAE04EC0-301F-11D3-BF4B-00C04F79EFBC}") = "pja-apbd-cwic11", "pja-apbd-cwic11\pja-apbd-cwic11.csproj", "{0B2A64B2-8BD9-4999-AB70-FB588A081E3C}"
EndProject
Global
	GlobalSection(SolutionConfigurationPlatforms) = preSolution
		Debug|Any CPU = Debug|Any CPU
		Release|Any CPU = Release|Any CPU
	EndGlobalSection
	GlobalSection(ProjectConfigurationPlatforms) = postSolution
		{0B2A64B2-8BD9-4999-AB70-FB588A081E3C}.Debug|Any CPU.ActiveCfg = Debug|Any CPU
		{0B2A64B2-8BD9-4999-AB70-FB588A081E3C}.Debug|Any CPU.Build.0 = Debug|Any CPU
		{0B2A64B2-8BD9-4999-AB70-FB588A081E3C}.Release|Any CPU.ActiveCfg = Release|Any CPU
		{0B2A64B2-8BD9-4999-AB70-FB588A081E3C}.Release|Any CPU.Build.0 = Release|Any CPU
	EndGlobalSection
EndGlobal
